
Microsoft Visual Studio Solution File, Format Version 12.00
# Visual Studio Version 17
VisualStudioVersion = 17.11.35208.52
MinimumVisualStudioVersion = 10.0.40219.1
Project("{FAE04EC0-301F-11D3-BF4B-00C04F79EFBC}") = "Sesion-9-EstructuraDeDatos-ArbolBinario3", "Sesion-9-EstructuraDeDatos-ArbolBinario3\Sesion-9-EstructuraDeDatos-ArbolBinario3.csproj", "{3F3B462B-FB5B-43FF-B973-8DD49C7C774C}"
EndProject
Global
	GlobalSection(SolutionConfigurationPlatforms) = preSolution
		Debug|Any CPU = Debug|Any CPU
		Release|Any CPU = Release|Any CPU
	EndGlobalSection
	GlobalSection(ProjectConfigurationPlatforms) = postSolution
		{3F3B462B-FB5B-43FF-B973-8DD49C7C774C}.Debug|Any CPU.ActiveCfg = Debug|Any CPU
		{3F3B462B-FB5B-43FF-B973-8DD49C7C774C}.Debug|Any CPU.Build.0 = Debug|Any CPU
		{3F3B462B-FB5B-43FF-B973-8DD49C7C774C}.Release|Any CPU.ActiveCfg = Release|Any CPU
		{3F3B462B-FB5B-43FF-B973-8DD49C7C774C}.Release|Any CPU.Build.0 = Release|Any CPU
	EndGlobalSection
	GlobalSection(SolutionProperties) = preSolution
		HideSolutionNode = FALSE
	EndGlobalSection
	GlobalSection(ExtensibilityGlobals) = postSolution
		SolutionGuid = {C699105E-E171-46A9-8E8F-C34301BAAB6E}
	EndGlobalSection
EndGlobal
