
Microsoft Visual Studio Solution File, Format Version 12.00
# Visual Studio Version 17
VisualStudioVersion = 17.11.35208.52
MinimumVisualStudioVersion = 10.0.40219.1
Project("{FAE04EC0-301F-11D3-BF4B-00C04F79EFBC}") = "Sesion 4-EstructuraDeDatos-ListaCircular-Consola", "Sesion 4-EstructuraDeDatos-ListaCircular-Consola\Sesion 4-EstructuraDeDatos-ListaCircular-Consola.csproj", "{7884C2D7-8430-482F-89B4-322C1CFCDAD8}"
EndProject
Global
	GlobalSection(SolutionConfigurationPlatforms) = preSolution
		Debug|Any CPU = Debug|Any CPU
		Release|Any CPU = Release|Any CPU
	EndGlobalSection
	GlobalSection(ProjectConfigurationPlatforms) = postSolution
		{7884C2D7-8430-482F-89B4-322C1CFCDAD8}.Debug|Any CPU.ActiveCfg = Debug|Any CPU
		{7884C2D7-8430-482F-89B4-322C1CFCDAD8}.Debug|Any CPU.Build.0 = Debug|Any CPU
		{7884C2D7-8430-482F-89B4-322C1CFCDAD8}.Release|Any CPU.ActiveCfg = Release|Any CPU
		{7884C2D7-8430-482F-89B4-322C1CFCDAD8}.Release|Any CPU.Build.0 = Release|Any CPU
	EndGlobalSection
	GlobalSection(SolutionProperties) = preSolution
		HideSolutionNode = FALSE
	EndGlobalSection
	GlobalSection(ExtensibilityGlobals) = postSolution
		SolutionGuid = {636367F7-BDBD-4619-9FB2-49C72F2B044E}
	EndGlobalSection
EndGlobal
