
Microsoft Visual Studio Solution File, Format Version 12.00
# Visual Studio Version 17
VisualStudioVersion = 17.11.35208.52
MinimumVisualStudioVersion = 10.0.40219.1
Project("{FAE04EC0-301F-11D3-BF4B-00C04F79EFBC}") = "EstructuraDeDatos-ListaDoble", "EstructuraDeDatos-ListaDoble\EstructuraDeDatos-ListaDoble.csproj", "{35BAE7E9-570B-4CF1-BFA0-4CE25C126926}"
EndProject
Global
	GlobalSection(SolutionConfigurationPlatforms) = preSolution
		Debug|Any CPU = Debug|Any CPU
		Release|Any CPU = Release|Any CPU
	EndGlobalSection
	GlobalSection(ProjectConfigurationPlatforms) = postSolution
		{35BAE7E9-570B-4CF1-BFA0-4CE25C126926}.Debug|Any CPU.ActiveCfg = Debug|Any CPU
		{35BAE7E9-570B-4CF1-BFA0-4CE25C126926}.Debug|Any CPU.Build.0 = Debug|Any CPU
		{35BAE7E9-570B-4CF1-BFA0-4CE25C126926}.Release|Any CPU.ActiveCfg = Release|Any CPU
		{35BAE7E9-570B-4CF1-BFA0-4CE25C126926}.Release|Any CPU.Build.0 = Release|Any CPU
	EndGlobalSection
	GlobalSection(SolutionProperties) = preSolution
		HideSolutionNode = FALSE
	EndGlobalSection
	GlobalSection(ExtensibilityGlobals) = postSolution
		SolutionGuid = {BB835B64-6D48-4C11-B344-B6F39E03553F}
	EndGlobalSection
EndGlobal
