
Microsoft Visual Studio Solution File, Format Version 12.00
# Visual Studio Version 17
VisualStudioVersion = 17.11.35208.52
MinimumVisualStudioVersion = 10.0.40219.1
Project("{FAE04EC0-301F-11D3-BF4B-00C04F79EFBC}") = "Sesion-6-EstructuraDeDatos", "Sesion-6-EstructuraDeDatos\Sesion-6-EstructuraDeDatos.csproj", "{4CCD17D0-0244-4157-8F25-98723A87140C}"
EndProject
Global
	GlobalSection(SolutionConfigurationPlatforms) = preSolution
		Debug|Any CPU = Debug|Any CPU
		Release|Any CPU = Release|Any CPU
	EndGlobalSection
	GlobalSection(ProjectConfigurationPlatforms) = postSolution
		{4CCD17D0-0244-4157-8F25-98723A87140C}.Debug|Any CPU.ActiveCfg = Debug|Any CPU
		{4CCD17D0-0244-4157-8F25-98723A87140C}.Debug|Any CPU.Build.0 = Debug|Any CPU
		{4CCD17D0-0244-4157-8F25-98723A87140C}.Release|Any CPU.ActiveCfg = Release|Any CPU
		{4CCD17D0-0244-4157-8F25-98723A87140C}.Release|Any CPU.Build.0 = Release|Any CPU
	EndGlobalSection
	GlobalSection(SolutionProperties) = preSolution
		HideSolutionNode = FALSE
	EndGlobalSection
	GlobalSection(ExtensibilityGlobals) = postSolution
		SolutionGuid = {191AC750-A76A-4D3F-A592-9282B802AE92}
	EndGlobalSection
EndGlobal
